schema: '2.0'
stages:
  prepare:
    cmd: python src/prepare.py
    deps:
    - path: src/prepare.py
      hash: md5
      md5: b0c7681105874eb36a8c30ded47b72cc
      size: 1374
    outs:
    - path: data/raw
      hash: md5
      md5: 88ea0241c25e37c6185b2ce311d6e2b4.dir
      size: 622937576
      nfiles: 11
  preprocess:
    cmd: python src/preprocess.py
    deps:
    - path: data/raw
      hash: md5
      md5: 88ea0241c25e37c6185b2ce311d6e2b4.dir
      size: 622937576
      nfiles: 11
    - path: src/preprocess.py
      hash: md5
      md5: e1a95823bca1a7223704017954e2f34f
      size: 3222
    params:
      params.yaml:
        preprocess.image_size: 32
        preprocess.mean:
        - 0.4914
        - 0.4822
        - 0.4465
        preprocess.seed: 42
        preprocess.std:
        - 0.247
        - 0.2435
        - 0.2616
        preprocess.val_size: 0.2
    outs:
    - path: data/processed
      hash: md5
      md5: f8cd1844a279a7aac3d1e813cfe8babb.dir
      size: 737765223
      nfiles: 3
  train:
    cmd: python src/train.py
    deps:
    - path: data/processed
      hash: md5
      md5: f8cd1844a279a7aac3d1e813cfe8babb.dir
      size: 737765223
      nfiles: 3
    - path: src/train.py
      hash: md5
      md5: ce834c70b8843fc49bf277f5d13ee930
      size: 5953
    params:
      params.yaml:
        train.batch_size: 128
        train.dropout_rate: 0.3
        train.epochs: 15
        train.learning_rate: 0.001
        train.num_filters: 32
        train.seed: 42
    outs:
    - path: models/history.csv
      hash: md5
      md5: 1740787bed9ff217e0802bd661336716
      size: 898
    - path: models/model.pth
      hash: md5
      md5: 1cbcfda42c520634852bfb7133e07d4a
      size: 2492250
  evaluate:
    cmd: python src/evaluate.py
    deps:
    - path: data/processed/test.pt
      hash: md5
      md5: e8cbf1fce5fdff7b7c108b5f2ab4800b
      size: 122961741
    - path: models/model.pth
      hash: md5
      md5: 1cbcfda42c520634852bfb7133e07d4a
      size: 2492250
    - path: src/evaluate.py
      hash: md5
      md5: 0a41cc22cb20dade46733d50b49ff239
      size: 4853
    params:
      params.yaml:
        train.batch_size: 128
    outs:
    - path: metrics.json
      hash: md5
      md5: eadded510afa15cc0b858abeb6b8c91f
      size: 71
    - path: models/confusion_matrix.png
      hash: md5
      md5: 1c8c75cbc8d389b14a2bee1dbebbe7b3
      size: 103212
